
Microsoft Visual Studio Solution File, Format Version 12.00
# Visual Studio 15
VisualStudioVersion = 15.0.27130.2036
MinimumVisualStudioVersion = 10.0.40219.1
Project("{E24C65DC-7377-472B-9ABA-BC803B73C61A}") = "MyClosetCSE385", ".", "{B835ACD1-6F83-4B00-87A5-BCB1D7504F10}"
	ProjectSection(WebsiteProperties) = preProject
		TargetFrameworkMoniker = ".NETFramework,Version%3Dv4.0"
		Debug.AspNetCompiler.VirtualPath = "/localhost_4530"
		Debug.AspNetCompiler.PhysicalPath = "..\MyClosetCSE385\"
		Debug.AspNetCompiler.TargetPath = "PrecompiledWeb\localhost_4530\"
		Debug.AspNetCompiler.Updateable = "true"
		Debug.AspNetCompiler.ForceOverwrite = "true"
		Debug.AspNetCompiler.FixedNames = "false"
		Debug.AspNetCompiler.Debug = "True"
		Release.AspNetCompiler.VirtualPath = "/localhost_4530"
		Release.AspNetCompiler.PhysicalPath = "..\MyClosetCSE385\"
		Release.AspNetCompiler.TargetPath = "PrecompiledWeb\localhost_4530\"
		Release.AspNetCompiler.Updateable = "true"
		Release.AspNetCompiler.ForceOverwrite = "true"
		Release.AspNetCompiler.FixedNames = "false"
		Release.AspNetCompiler.Debug = "False"
		VWDPort = "4530"
		SlnRelativePath = "..\MyClosetCSE385\"
	EndProjectSection
EndProject
Global
	GlobalSection(SolutionConfigurationPlatforms) = preSolution
		Debug|Any CPU = Debug|Any CPU
	EndGlobalSection
	GlobalSection(ProjectConfigurationPlatforms) = postSolution
		{B835ACD1-6F83-4B00-87A5-BCB1D7504F10}.Debug|Any CPU.ActiveCfg = Debug|Any CPU
		{B835ACD1-6F83-4B00-87A5-BCB1D7504F10}.Debug|Any CPU.Build.0 = Debug|Any CPU
	EndGlobalSection
	GlobalSection(SolutionProperties) = preSolution
		HideSolutionNode = FALSE
	EndGlobalSection
	GlobalSection(ExtensibilityGlobals) = postSolution
		SolutionGuid = {A4C55360-2FCC-4B24-91A8-6342C758EBEC}
	EndGlobalSection
EndGlobal
